
Microsoft Visual Studio Solution File, Format Version 12.00
# Visual Studio Version 16
VisualStudioVersion = 16.0.30717.126
MinimumVisualStudioVersion = 10.0.40219.1
Project("{FAE04EC0-301F-11D3-BF4B-00C04F79EFBC}") = "Casses-Brique", "Casses-Brique.csproj", "{F61041F3-5DBA-49A7-962A-B9602538F126}"
EndProject
Global
	GlobalSection(SolutionConfigurationPlatforms) = preSolution
		Debug|Any CPU = Debug|Any CPU
		Release|Any CPU = Release|Any CPU
	EndGlobalSection
	GlobalSection(ProjectConfigurationPlatforms) = postSolution
		{F61041F3-5DBA-49A7-962A-B9602538F126}.Debug|Any CPU.ActiveCfg = Debug|Any CPU
		{F61041F3-5DBA-49A7-962A-B9602538F126}.Debug|Any CPU.Build.0 = Debug|Any CPU
		{F61041F3-5DBA-49A7-962A-B9602538F126}.Release|Any CPU.ActiveCfg = Release|Any CPU
		{F61041F3-5DBA-49A7-962A-B9602538F126}.Release|Any CPU.Build.0 = Release|Any CPU
	EndGlobalSection
	GlobalSection(SolutionProperties) = preSolution
		HideSolutionNode = FALSE
	EndGlobalSection
	GlobalSection(ExtensibilityGlobals) = postSolution
		SolutionGuid = {A7F0197F-893D-4AC1-B470-F107579C678A}
	EndGlobalSection
EndGlobal
